Microsoft Visual Studio Solution File, Format Version 12.00
# Visual Studio Version 17
VisualStudioVersion = 17.0.31903.59
MinimumVisualStudioVersion = 10.0.40219.1
Project("{FAE04EC0-301F-11D3-BF4B-00C04F79EFBC}") = "Snp.CFDIDownload", "src\\Snp.CFDIDownload\\Snp.CFDIDownload.csproj", "{4E84C2C3-662C-4EE5-9C0A-76F20D8102C2}"
EndProject
Project("{FAE04EC0-301F-11D3-BF4B-00C04F79EFBC}") = "Snp.CFDIDownload.Tests", "test\\Snp.CFDIDownload.Tests\\Snp.CFDIDownload.Tests.csproj", "{08F7EBE0-B075-482A-8F0C-7A4425AD78B9}"
EndProject
Global
  GlobalSection(SolutionConfigurationPlatforms) = preSolution
    Debug|Any CPU = Debug|Any CPU
    Release|Any CPU = Release|Any CPU
  EndGlobalSection
  GlobalSection(ProjectConfigurationPlatforms) = postSolution
    {4E84C2C3-662C-4EE5-9C0A-76F20D8102C2}.Debug|Any CPU.ActiveCfg = Debug|Any CPU
    {4E84C2C3-662C-4EE5-9C0A-76F20D8102C2}.Debug|Any CPU.Build.0 = Debug|Any CPU
    {4E84C2C3-662C-4EE5-9C0A-76F20D8102C2}.Release|Any CPU.ActiveCfg = Release|Any CPU
    {4E84C2C3-662C-4EE5-9C0A-76F20D8102C2}.Release|Any CPU.Build.0 = Release|Any CPU
    {08F7EBE0-B075-482A-8F0C-7A4425AD78B9}.Debug|Any CPU.ActiveCfg = Debug|Any CPU
    {08F7EBE0-B075-482A-8F0C-7A4425AD78B9}.Debug|Any CPU.Build.0 = Debug|Any CPU
    {08F7EBE0-B075-482A-8F0C-7A4425AD78B9}.Release|Any CPU.ActiveCfg = Release|Any CPU
    {08F7EBE0-B075-482A-8F0C-7A4425AD78B9}.Release|Any CPU.Build.0 = Release|Any CPU
  EndGlobalSection
EndGlobal
